
Microsoft Visual Studio Solution File, Format Version 12.00
# Visual Studio Version 17
VisualStudioVersion = 17.4.33403.182
MinimumVisualStudioVersion = 10.0.40219.1
Project("{FAE04EC0-301F-11D3-BF4B-00C04F79EFBC}") = "Bowling_ScoringSystem", "Bowling_ScoringSystem\Bowling_ScoringSystem.csproj", "{8A7F72FF-7EA8-45A1-9C70-CBAD0D44F2A0}"
EndProject
Global
	GlobalSection(SolutionConfigurationPlatforms) = preSolution
		Debug|Any CPU = Debug|Any CPU
		Release|Any CPU = Release|Any CPU
	EndGlobalSection
	GlobalSection(ProjectConfigurationPlatforms) = postSolution
		{8A7F72FF-7EA8-45A1-9C70-CBAD0D44F2A0}.Debug|Any CPU.ActiveCfg = Debug|Any CPU
		{8A7F72FF-7EA8-45A1-9C70-CBAD0D44F2A0}.Debug|Any CPU.Build.0 = Debug|Any CPU
		{8A7F72FF-7EA8-45A1-9C70-CBAD0D44F2A0}.Release|Any CPU.ActiveCfg = Release|Any CPU
		{8A7F72FF-7EA8-45A1-9C70-CBAD0D44F2A0}.Release|Any CPU.Build.0 = Release|Any CPU
	EndGlobalSection
	GlobalSection(SolutionProperties) = preSolution
		HideSolutionNode = FALSE
	EndGlobalSection
	GlobalSection(ExtensibilityGlobals) = postSolution
		SolutionGuid = {B6F6D5E6-01D9-41D7-BD8B-C59A314F8E79}
	EndGlobalSection
EndGlobal
